
Microsoft Visual Studio Solution File, Format Version 12.00
# Visual Studio Version 17
VisualStudioVersion = 17.14.36109.1 d17.14
MinimumVisualStudioVersion = 10.0.40219.1
Project("{8BC9CEB8-8B4A-11D0-8D11-00A0C91BC942}") = "pb_hack", "pb_hack.vcxproj", "{5978D5DB-991F-4D9B-A586-12966B149EB2}"
EndProject
Project("{8BC9CEB8-8B4A-11D0-8D11-00A0C91BC942}") = "pb_injector", "..\pb_injector\pb_injector.vcxproj", "{C44CAB32-19DA-45F9-87B9-39A494B73ACC}"
EndProject
Global
	GlobalSection(SolutionConfigurationPlatforms) = preSolution
		Debug|x64 = Debug|x64
		Debug|x86 = Debug|x86
		Release|x64 = Release|x64
		Release|x86 = Release|x86
	EndGlobalSection
	GlobalSection(ProjectConfigurationPlatforms) = postSolution
		{5978D5DB-991F-4D9B-A586-12966B149EB2}.Debug|x64.ActiveCfg = Debug|x64
		{5978D5DB-991F-4D9B-A586-12966B149EB2}.Debug|x64.Build.0 = Debug|x64
		{5978D5DB-991F-4D9B-A586-12966B149EB2}.Debug|x86.ActiveCfg = Debug|Win32
		{5978D5DB-991F-4D9B-A586-12966B149EB2}.Debug|x86.Build.0 = Debug|Win32
		{5978D5DB-991F-4D9B-A586-12966B149EB2}.Release|x64.ActiveCfg = Release|x64
		{5978D5DB-991F-4D9B-A586-12966B149EB2}.Release|x64.Build.0 = Release|x64
		{5978D5DB-991F-4D9B-A586-12966B149EB2}.Release|x86.ActiveCfg = Release|Win32
		{5978D5DB-991F-4D9B-A586-12966B149EB2}.Release|x86.Build.0 = Release|Win32
		{C44CAB32-19DA-45F9-87B9-39A494B73ACC}.Debug|x64.ActiveCfg = Debug|x64
		{C44CAB32-19DA-45F9-87B9-39A494B73ACC}.Debug|x64.Build.0 = Debug|x64
		{C44CAB32-19DA-45F9-87B9-39A494B73ACC}.Debug|x86.ActiveCfg = Debug|Win32
		{C44CAB32-19DA-45F9-87B9-39A494B73ACC}.Debug|x86.Build.0 = Debug|Win32
		{C44CAB32-19DA-45F9-87B9-39A494B73ACC}.Release|x64.ActiveCfg = Release|x64
		{C44CAB32-19DA-45F9-87B9-39A494B73ACC}.Release|x64.Build.0 = Release|x64
		{C44CAB32-19DA-45F9-87B9-39A494B73ACC}.Release|x86.ActiveCfg = Release|Win32
		{C44CAB32-19DA-45F9-87B9-39A494B73ACC}.Release|x86.Build.0 = Release|Win32
	EndGlobalSection
	GlobalSection(SolutionProperties) = preSolution
		HideSolutionNode = FALSE
	EndGlobalSection
	GlobalSection(ExtensibilityGlobals) = postSolution
		SolutionGuid = {1C218F81-06A9-4F99-B814-C88036D0D3AF}
	EndGlobalSection
EndGlobal
